
Microsoft Visual Studio Solution File, Format Version 12.00
# Visual Studio Version 17
VisualStudioVersion = 17.5.33424.131
MinimumVisualStudioVersion = 10.0.40219.1
Project("{FAE04EC0-301F-11D3-BF4B-00C04F79EFBC}") = "Homework_3", "Homework_3\Homework_3.csproj", "{7B02FC40-C311-4F2B-98ED-7ABA0244443E}"
EndProject
Global
	GlobalSection(SolutionConfigurationPlatforms) = preSolution
		Debug|Any CPU = Debug|Any CPU
		Release|Any CPU = Release|Any CPU
	EndGlobalSection
	GlobalSection(ProjectConfigurationPlatforms) = postSolution
		{7B02FC40-C311-4F2B-98ED-7ABA0244443E}.Debug|Any CPU.ActiveCfg = Debug|Any CPU
		{7B02FC40-C311-4F2B-98ED-7ABA0244443E}.Debug|Any CPU.Build.0 = Debug|Any CPU
		{7B02FC40-C311-4F2B-98ED-7ABA0244443E}.Release|Any CPU.ActiveCfg = Release|Any CPU
		{7B02FC40-C311-4F2B-98ED-7ABA0244443E}.Release|Any CPU.Build.0 = Release|Any CPU
	EndGlobalSection
	GlobalSection(SolutionProperties) = preSolution
		HideSolutionNode = FALSE
	EndGlobalSection
	GlobalSection(ExtensibilityGlobals) = postSolution
		SolutionGuid = {F1ED7A69-9128-43B1-8615-3414911FC2C1}
	EndGlobalSection
EndGlobal
